// !$*UTF8*$!
{
	archiveVersion = 1;
	classes = {
	};
	objectVersion = 46;
	objects = {

/* Begin PBXBuildFile section */
		1012AB671AEB73C8003659EE /* libPods.a in Frameworks */ = {isa = PBXBuildFile; fileRef = 1012AB661AEB73C8003659EE /* libPods.a */; };
		10214DC11AECF1FC00BD56A3 /* APIClientHelper.m in Sources */ = {isa = PBXBuildFile; fileRef = 10214DC01AECF1FC00BD56A3 /* APIClientHelper.m */; };
		10214DC51AECFDB400BD56A3 /* GiphyObj.m in Sources */ = {isa = PBXBuildFile; fileRef = 10214DC41AECFDB400BD56A3 /* GiphyObj.m */; };
		10214DC91AED1CA700BD56A3 /* ViewController.m in Sources */ = {isa = PBXBuildFile; fileRef = 10214DC81AED1CA700BD56A3 /* ViewController.m */; };
		10214DCD1AED240400BD56A3 /* MainCollectionViewCell.m in Sources */ = {isa = PBXBuildFile; fileRef = 10214DCC1AED240400BD56A3 /* MainCollectionViewCell.m */; };
		10214DD01AED336000BD56A3 /* Helper.m in Sources */ = {isa = PBXBuildFile; fileRef = 10214DCF1AED336000BD56A3 /* Helper.m */; };
		103F9E5C1AEE84840089BE34 /* CollectionViewController.m in Sources */ = {isa = PBXBuildFile; fileRef = 103F9E5B1AEE84840089BE34 /* CollectionViewController.m */; };
		103F9E5F1AEE84DB0089BE34 /* CategoryViewController.m in Sources */ = {isa = PBXBuildFile; fileRef = 103F9E5E1AEE84DB0089BE34 /* CategoryViewController.m */; };
		103F9E641AEE85310089BE34 /* UserCollectionViewCell.m in Sources */ = {isa = PBXBuildFile; fileRef = 103F9E631AEE85310089BE34 /* UserCollectionViewCell.m */; };
		103F9E671AEE85420089BE34 /* CategoryCollectionViewCell.m in Sources */ = {isa = PBXBuildFile; fileRef = 103F9E661AEE85420089BE34 /* CategoryCollectionViewCell.m */; };
		104604411AF2653A003C0D97 /* Helper.m in Sources */ = {isa = PBXBuildFile; fileRef = 10214DCF1AED336000BD56A3 /* Helper.m */; };
		105E33B01AEA86FC005740F9 /* main.m in Sources */ = {isa = PBXBuildFile; fileRef = 105E33AF1AEA86FC005740F9 /* main.m */; };
		105E33B31AEA86FC005740F9 /* AppDelegate.m in Sources */ = {isa = PBXBuildFile; fileRef = 105E33B21AEA86FC005740F9 /* AppDelegate.m */; };
		105E33B91AEA86FC005740F9 /* Main.storyboard in Resources */ = {isa = PBXBuildFile; fileRef = 105E33B71AEA86FC005740F9 /* Main.storyboard */; };
		105E33BE1AEA86FC005740F9 /* LaunchScreen.xib in Resources */ = {isa = PBXBuildFile; fileRef = 105E33BC1AEA86FC005740F9 /* LaunchScreen.xib */; };
		105E33CA1AEA86FC005740F9 /* QmojiTests.m in Sources */ = {isa = PBXBuildFile; fileRef = 105E33C91AEA86FC005740F9 /* QmojiTests.m */; };
		105E33DD1AEA876B005740F9 /* KeyboardViewController.m in Sources */ = {isa = PBXBuildFile; fileRef = 105E33DC1AEA876B005740F9 /* KeyboardViewController.m */; };
		105E33E01AEA876B005740F9 /* QmojiKeyboard.appex in Embed App Extensions */ = {isa = PBXBuildFile; fileRef = 105E33D71AEA876B005740F9 /* QmojiKeyboard.appex */; settings = {ATTRIBUTES = (RemoveHeadersOnCopy, ); }; };
		105E33E61AEA884C005740F9 /* QmojiKeyboard.xib in Resources */ = {isa = PBXBuildFile; fileRef = 105E33E51AEA884C005740F9 /* QmojiKeyboard.xib */; };
		105E33E91AEA88C4005740F9 /* QmojiKeyboard.m in Sources */ = {isa = PBXBuildFile; fileRef = 105E33E81AEA88C4005740F9 /* QmojiKeyboard.m */; };
		105E33F71AEA9893005740F9 /* JosefinSans-Bold.ttf in Resources */ = {isa = PBXBuildFile; fileRef = 105E33ED1AEA9893005740F9 /* JosefinSans-Bold.ttf */; };
		105E33F81AEA9893005740F9 /* JosefinSans-Bold.ttf in Resources */ = {isa = PBXBuildFile; fileRef = 105E33ED1AEA9893005740F9 /* JosefinSans-Bold.ttf */; };
		105E33F91AEA9893005740F9 /* JosefinSans-BoldItalic.ttf in Resources */ = {isa = PBXBuildFile; fileRef = 105E33EE1AEA9893005740F9 /* JosefinSans-BoldItalic.ttf */; };
		105E33FA1AEA9893005740F9 /* JosefinSans-BoldItalic.ttf in Resources */ = {isa = PBXBuildFile; fileRef = 105E33EE1AEA9893005740F9 /* JosefinSans-BoldItalic.ttf */; };
		105E33FB1AEA9893005740F9 /* JosefinSans-Italic.ttf in Resources */ = {isa = PBXBuildFile; fileRef = 105E33EF1AEA9893005740F9 /* JosefinSans-Italic.ttf */; };
		105E33FC1AEA9893005740F9 /* JosefinSans-Italic.ttf in Resources */ = {isa = PBXBuildFile; fileRef = 105E33EF1AEA9893005740F9 /* JosefinSans-Italic.ttf */; };
		105E33FD1AEA9893005740F9 /* JosefinSans-Light.ttf in Resources */ = {isa = PBXBuildFile; fileRef = 105E33F01AEA9893005740F9 /* JosefinSans-Light.ttf */; };
		105E33FE1AEA9893005740F9 /* JosefinSans-Light.ttf in Resources */ = {isa = PBXBuildFile; fileRef = 105E33F01AEA9893005740F9 /* JosefinSans-Light.ttf */; };
		105E33FF1AEA9893005740F9 /* JosefinSans-LightItalic.ttf in Resources */ = {isa = PBXBuildFile; fileRef = 105E33F11AEA9893005740F9 /* JosefinSans-LightItalic.ttf */; };
		105E34001AEA9893005740F9 /* JosefinSans-LightItalic.ttf in Resources */ = {isa = PBXBuildFile; fileRef = 105E33F11AEA9893005740F9 /* JosefinSans-LightItalic.ttf */; };
		105E34011AEA9893005740F9 /* JosefinSans-Regular.ttf in Resources */ = {isa = PBXBuildFile; fileRef = 105E33F21AEA9893005740F9 /* JosefinSans-Regular.ttf */; };
		105E34021AEA9893005740F9 /* JosefinSans-Regular.ttf in Resources */ = {isa = PBXBuildFile; fileRef = 105E33F21AEA9893005740F9 /* JosefinSans-Regular.ttf */; };
		105E34031AEA9893005740F9 /* JosefinSans-SemiBold.ttf in Resources */ = {isa = PBXBuildFile; fileRef = 105E33F31AEA9893005740F9 /* JosefinSans-SemiBold.ttf */; };
		105E34041AEA9893005740F9 /* JosefinSans-SemiBold.ttf in Resources */ = {isa = PBXBuildFile; fileRef = 105E33F31AEA9893005740F9 /* JosefinSans-SemiBold.ttf */; };
		105E34051AEA9893005740F9 /* JosefinSans-SemiBoldItalic.ttf in Resources */ = {isa = PBXBuildFile; fileRef = 105E33F41AEA9893005740F9 /* JosefinSans-SemiBoldItalic.ttf */; };
		105E34061AEA9893005740F9 /* JosefinSans-SemiBoldItalic.ttf in Resources */ = {isa = PBXBuildFile; fileRef = 105E33F41AEA9893005740F9 /* JosefinSans-SemiBoldItalic.ttf */; };
		105E34071AEA9893005740F9 /* JosefinSans-Thin.ttf in Resources */ = {isa = PBXBuildFile; fileRef = 105E33F51AEA9893005740F9 /* JosefinSans-Thin.ttf */; };
		105E34081AEA9893005740F9 /* JosefinSans-Thin.ttf in Resources */ = {isa = PBXBuildFile; fileRef = 105E33F51AEA9893005740F9 /* JosefinSans-Thin.ttf */; };
		105E34091AEA9893005740F9 /* JosefinSans-ThinItalic.ttf in Resources */ = {isa = PBXBuildFile; fileRef = 105E33F61AEA9893005740F9 /* JosefinSans-ThinItalic.ttf */; };
		105E340A1AEA9893005740F9 /* JosefinSans-ThinItalic.ttf in Resources */ = {isa = PBXBuildFile; fileRef = 105E33F61AEA9893005740F9 /* JosefinSans-ThinItalic.ttf */; };
		107FCA5A1AF14BF600F0455F /* image.xcassets in Resources */ = {isa = PBXBuildFile; fileRef = 107FCA591AF14BF600F0455F /* image.xcassets */; };
		107FCA5B1AF14BF600F0455F /* image.xcassets in Resources */ = {isa = PBXBuildFile; fileRef = 107FCA591AF14BF600F0455F /* image.xcassets */; };
		1097AB471AEFB17700BEA773 /* IAPHelper.m in Sources */ = {isa = PBXBuildFile; fileRef = 1097AB461AEFB17700BEA773 /* IAPHelper.m */; };
		1097AB481AEFB17700BEA773 /* IAPHelper.m in Sources */ = {isa = PBXBuildFile; fileRef = 1097AB461AEFB17700BEA773 /* IAPHelper.m */; };
		10C83DEF1AEB9A31003FD03F /* MenuViewController.m in Sources */ = {isa = PBXBuildFile; fileRef = 10C83DEE1AEB9A31003FD03F /* MenuViewController.m */; };
		10C83DF31AEB9BAF003FD03F /* MenuTableViewCell.m in Sources */ = {isa = PBXBuildFile; fileRef = 10C83DF21AEB9BAF003FD03F /* MenuTableViewCell.m */; };
		7839B9B4261E064C5F06EA71 /* libPods.a in Frameworks */ = {isa = PBXBuildFile; fileRef = 9AFF9F44255343DDF080420C /* libPods.a */; };
/* End PBXBuildFile section */

/* Begin PBXContainerItemProxy section */
		105E33C41AEA86FC005740F9 /* PBXContainerItemProxy */ = {
			isa = PBXContainerItemProxy;
			containerPortal = 105E33A21AEA86FC005740F9 /* Project object */;
			proxyType = 1;
			remoteGlobalIDString = 105E33A91AEA86FC005740F9;
			remoteInfo = Qmoji;
		};
		105E33DE1AEA876B005740F9 /* PBXContainerItemProxy */ = {
			isa = PBXContainerItemProxy;
			containerPortal = 105E33A21AEA86FC005740F9 /* Project object */;
			proxyType = 1;
			remoteGlobalIDString = 105E33D61AEA876B005740F9;
			remoteInfo = QmojiKeyboard;
		};
/* End PBXContainerItemProxy section */

/* Begin PBXCopyFilesBuildPhase section */
		105E33E41AEA876B005740F9 /* Embed App Extensions */ = {
			isa = PBXCopyFilesBuildPhase;
			buildActionMask = 2147483647;
			dstPath = "";
			dstSubfolderSpec = 13;
			files = (
				105E33E01AEA876B005740F9 /* QmojiKeyboard.appex in Embed App Extensions */,
			);
			name = "Embed App Extensions";
			runOnlyForDeploymentPostprocessing = 0;
		};
/* End PBXCopyFilesBuildPhase section */

/* Begin PBXFileReference section */
		1012AB621AEB7217003659EE /* libPods.a */ = {isa = PBXFileReference; lastKnownFileType = archive.ar; name = libPods.a; path = "Pods/../build/Debug-iphoneos/libPods.a"; sourceTree = "<group>"; };
		1012AB661AEB73C8003659EE /* libPods.a */ = {isa = PBXFileReference; lastKnownFileType = archive.ar; name = libPods.a; path = "Pods/../build/Debug-iphoneos/libPods.a"; sourceTree = "<group>"; };
		1012AB681AEB820C003659EE /* Qmoji-Prefix.pch */ = {isa = PBXFileReference; lastKnownFileType = sourcecode.c.h; path = "Qmoji-Prefix.pch"; sourceTree = "<group>"; };
		10214DBF1AECF1FC00BD56A3 /* APIClientHelper.h */ = {isa = PBXFileReference; fileEncoding = 4; lastKnownFileType = sourcecode.c.h; path = APIClientHelper.h; sourceTree = "<group>"; };
		10214DC01AECF1FC00BD56A3 /* APIClientHelper.m */ = {isa = PBXFileReference; fileEncoding = 4; lastKnownFileType = sourcecode.c.objc; path = APIClientHelper.m; sourceTree = "<group>"; };
		10214DC31AECFDB400BD56A3 /* GiphyObj.h */ = {isa = PBXFileReference; fileEncoding = 4; lastKnownFileType = sourcecode.c.h; path = GiphyObj.h; sourceTree = "<group>"; };
		10214DC41AECFDB400BD56A3 /* GiphyObj.m */ = {isa = PBXFileReference; fileEncoding = 4; lastKnownFileType = sourcecode.c.objc; path = GiphyObj.m; sourceTree = "<group>"; };
		10214DC71AED1CA700BD56A3 /* ViewController.h */ = {isa = PBXFileReference; fileEncoding = 4; lastKnownFileType = sourcecode.c.h; path = ViewController.h; sourceTree = "<group>"; };
		10214DC81AED1CA700BD56A3 /* ViewController.m */ = {isa = PBXFileReference; fileEncoding = 4; lastKnownFileType = sourcecode.c.objc; path = ViewController.m; sourceTree = "<group>"; };
		10214DCB1AED240400BD56A3 /* MainCollectionViewCell.h */ = {isa = PBXFileReference; fileEncoding = 4; lastKnownFileType = sourcecode.c.h; path = MainCollectionViewCell.h; sourceTree = "<group>"; };
		10214DCC1AED240400BD56A3 /* MainCollectionViewCell.m */ = {isa = PBXFileReference; fileEncoding = 4; lastKnownFileType = sourcecode.c.objc; path = MainCollectionViewCell.m; sourceTree = "<group>"; };
		10214DCE1AED336000BD56A3 /* Helper.h */ = {isa = PBXFileReference; fileEncoding = 4; lastKnownFileType = sourcecode.c.h; path = Helper.h; sourceTree = "<group>"; };
		10214DCF1AED336000BD56A3 /* Helper.m */ = {isa = PBXFileReference; fileEncoding = 4; lastKnownFileType = sourcecode.c.objc; path = Helper.m; sourceTree = "<group>"; };
		103F9E5A1AEE84840089BE34 /* CollectionViewController.h */ = {isa = PBXFileReference; fileEncoding = 4; lastKnownFileType = sourcecode.c.h; path = CollectionViewController.h; sourceTree = "<group>"; };
		103F9E5B1AEE84840089BE34 /* CollectionViewController.m */ = {isa = PBXFileReference; fileEncoding = 4; lastKnownFileType = sourcecode.c.objc; path = CollectionViewController.m; sourceTree = "<group>"; };
		103F9E5D1AEE84DB0089BE34 /* CategoryViewController.h */ = {isa = PBXFileReference; fileEncoding = 4; lastKnownFileType = sourcecode.c.h; path = CategoryViewController.h; sourceTree = "<group>"; };
		103F9E5E1AEE84DB0089BE34 /* CategoryViewController.m */ = {isa = PBXFileReference; fileEncoding = 4; lastKnownFileType = sourcecode.c.objc; path = CategoryViewController.m; sourceTree = "<group>"; };
		103F9E621AEE85310089BE34 /* UserCollectionViewCell.h */ = {isa = PBXFileReference; fileEncoding = 4; lastKnownFileType = sourcecode.c.h; path = UserCollectionViewCell.h; sourceTree = "<group>"; };
		103F9E631AEE85310089BE34 /* UserCollectionViewCell.m */ = {isa = PBXFileReference; fileEncoding = 4; lastKnownFileType = sourcecode.c.objc; path = UserCollectionViewCell.m; sourceTree = "<group>"; };
		103F9E651AEE85420089BE34 /* CategoryCollectionViewCell.h */ = {isa = PBXFileReference; fileEncoding = 4; lastKnownFileType = sourcecode.c.h; path = CategoryCollectionViewCell.h; sourceTree = "<group>"; };
		103F9E661AEE85420089BE34 /* CategoryCollectionViewCell.m */ = {isa = PBXFileReference; fileEncoding = 4; lastKnownFileType = sourcecode.c.objc; path = CategoryCollectionViewCell.m; sourceTree = "<group>"; };
		104604421AF266F6003C0D97 /* Qmoji.entitlements */ = {isa = PBXFileReference; lastKnownFileType = text.xml; path = Qmoji.entitlements; sourceTree = "<group>"; };
		105E33AA1AEA86FC005740F9 /* Qmoji.app */ = {isa = PBXFileReference; explicitFileType = wrapper.application; includeInIndex = 0; path = Qmoji.app; sourceTree = BUILT_PRODUCTS_DIR; };
		105E33AE1AEA86FC005740F9 /* Info.plist */ = {isa = PBXFileReference; lastKnownFileType = text.plist.xml; path = Info.plist; sourceTree = "<group>"; };
		105E33AF1AEA86FC005740F9 /* main.m */ = {isa = PBXFileReference; lastKnownFileType = sourcecode.c.objc; path = main.m; sourceTree = "<group>"; };
		105E33B11AEA86FC005740F9 /* AppDelegate.h */ = {isa = PBXFileReference; lastKnownFileType = sourcecode.c.h; path = AppDelegate.h; sourceTree = "<group>"; };
		105E33B21AEA86FC005740F9 /* AppDelegate.m */ = {isa = PBXFileReference; lastKnownFileType = sourcecode.c.objc; path = AppDelegate.m; sourceTree = "<group>"; };
		105E33B81AEA86FC005740F9 /* Base */ = {isa = PBXFileReference; lastKnownFileType = file.storyboard; name = Base; path = Base.lproj/Main.storyboard; sourceTree = "<group>"; };
		105E33BD1AEA86FC005740F9 /* Base */ = {isa = PBXFileReference; lastKnownFileType = file.xib; name = Base; path = Base.lproj/LaunchScreen.xib; sourceTree = "<group>"; };
		105E33C31AEA86FC005740F9 /* QmojiTests.xctest */ = {isa = PBXFileReference; explicitFileType = wrapper.cfbundle; includeInIndex = 0; path = QmojiTests.xctest; sourceTree = BUILT_PRODUCTS_DIR; };
		105E33C81AEA86FC005740F9 /* Info.plist */ = {isa = PBXFileReference; lastKnownFileType = text.plist.xml; path = Info.plist; sourceTree = "<group>"; };
		105E33C91AEA86FC005740F9 /* QmojiTests.m */ = {isa = PBXFileReference; lastKnownFileType = sourcecode.c.objc; path = QmojiTests.m; sourceTree = "<group>"; };
		105E33D71AEA876B005740F9 /* QmojiKeyboard.appex */ = {isa = PBXFileReference; explicitFileType = "wrapper.app-extension"; includeInIndex = 0; path = QmojiKeyboard.appex; sourceTree = BUILT_PRODUCTS_DIR; };
		105E33DA1AEA876B005740F9 /* Info.plist */ = {isa = PBXFileReference; lastKnownFileType = text.plist.xml; path = Info.plist; sourceTree = "<group>"; };
		105E33DB1AEA876B005740F9 /* KeyboardViewController.h */ = {isa = PBXFileReference; lastKnownFileType = sourcecode.c.h; path = KeyboardViewController.h; sourceTree = "<group>"; };
		105E33DC1AEA876B005740F9 /* KeyboardViewController.m */ = {isa = PBXFileReference; lastKnownFileType = sourcecode.c.objc; path = KeyboardViewController.m; sourceTree = "<group>"; };
		105E33E51AEA884C005740F9 /* QmojiKeyboard.xib */ = {isa = PBXFileReference; fileEncoding = 4; lastKnownFileType = file.xib; path = QmojiKeyboard.xib; sourceTree = "<group>"; };
		105E33E71AEA88C4005740F9 /* QmojiKeyboard.h */ = {isa = PBXFileReference; fileEncoding = 4; lastKnownFileType = sourcecode.c.h; path = QmojiKeyboard.h; sourceTree = "<group>"; };
		105E33E81AEA88C4005740F9 /* QmojiKeyboard.m */ = {isa = PBXFileReference; fileEncoding = 4; lastKnownFileType = sourcecode.c.objc; path = QmojiKeyboard.m; sourceTree = "<group>"; };
		105E33ED1AEA9893005740F9 /* JosefinSans-Bold.ttf */ = {isa = PBXFileReference; lastKnownFileType = file; path = "JosefinSans-Bold.ttf"; sourceTree = "<group>"; };
		105E33EE1AEA9893005740F9 /* JosefinSans-BoldItalic.ttf */ = {isa = PBXFileReference; lastKnownFileType = file; path = "JosefinSans-BoldItalic.ttf"; sourceTree = "<group>"; };
		105E33EF1AEA9893005740F9 /* JosefinSans-Italic.ttf */ = {isa = PBXFileReference; lastKnownFileType = file; path = "JosefinSans-Italic.ttf"; sourceTree = "<group>"; };
		105E33F01AEA9893005740F9 /* JosefinSans-Light.ttf */ = {isa = PBXFileReference; lastKnownFileType = file; path = "JosefinSans-Light.ttf"; sourceTree = "<group>"; };
		105E33F11AEA9893005740F9 /* JosefinSans-LightItalic.ttf */ = {isa = PBXFileReference; lastKnownFileType = file; path = "JosefinSans-LightItalic.ttf"; sourceTree = "<group>"; };
		105E33F21AEA9893005740F9 /* JosefinSans-Regular.ttf */ = {isa = PBXFileReference; lastKnownFileType = file; path = "JosefinSans-Regular.ttf"; sourceTree = "<group>"; };
		105E33F31AEA9893005740F9 /* JosefinSans-SemiBold.ttf */ = {isa = PBXFileReference; lastKnownFileType = file; path = "JosefinSans-SemiBold.ttf"; sourceTree = "<group>"; };
		105E33F41AEA9893005740F9 /* JosefinSans-SemiBoldItalic.ttf */ = {isa = PBXFileReference; lastKnownFileType = file; path = "JosefinSans-SemiBoldItalic.ttf"; sourceTree = "<group>"; };
		105E33F51AEA9893005740F9 /* JosefinSans-Thin.ttf */ = {isa = PBXFileReference; lastKnownFileType = file; path = "JosefinSans-Thin.ttf"; sourceTree = "<group>"; };
		105E33F61AEA9893005740F9 /* JosefinSans-ThinItalic.ttf */ = {isa = PBXFileReference; lastKnownFileType = file; path = "JosefinSans-ThinItalic.ttf"; sourceTree = "<group>"; };
		107FCA591AF14BF600F0455F /* image.xcassets */ = {isa = PBXFileReference; lastKnownFileType = folder.assetcatalog; path = image.xcassets; sourceTree = "<group>"; };
		1097AB451AEFB17700BEA773 /* IAPHelper.h */ = {isa = PBXFileReference; fileEncoding = 4; lastKnownFileType = sourcecode.c.h; path = IAPHelper.h; sourceTree = "<group>"; };
		1097AB461AEFB17700BEA773 /* IAPHelper.m */ = {isa = PBXFileReference; fileEncoding = 4; lastKnownFileType = sourcecode.c.objc; path = IAPHelper.m; sourceTree = "<group>"; };
		10C83DED1AEB9A31003FD03F /* MenuViewController.h */ = {isa = PBXFileReference; fileEncoding = 4; lastKnownFileType = sourcecode.c.h; path = MenuViewController.h; sourceTree = "<group>"; };
		10C83DEE1AEB9A31003FD03F /* MenuViewController.m */ = {isa = PBXFileReference; fileEncoding = 4; lastKnownFileType = sourcecode.c.objc; path = MenuViewController.m; sourceTree = "<group>"; };
		10C83DF11AEB9BAF003FD03F /* MenuTableViewCell.h */ = {isa = PBXFileReference; fileEncoding = 4; lastKnownFileType = sourcecode.c.h; path = MenuTableViewCell.h; sourceTree = "<group>"; };
		10C83DF21AEB9BAF003FD03F /* MenuTableViewCell.m */ = {isa = PBXFileReference; fileEncoding = 4; lastKnownFileType = sourcecode.c.objc; path = MenuTableViewCell.m; sourceTree = "<group>"; };
		271F6D1A70E3F5C7576154B2 /* Pods.debug.xcconfig */ = {isa = PBXFileReference; includeInIndex = 1; lastKnownFileType = text.xcconfig; name = Pods.debug.xcconfig; path = "Pods/Target Support Files/Pods/Pods.debug.xcconfig"; sourceTree = "<group>"; };
		3F45852CDF787F419CE16EC1 /* Pods.release.xcconfig */ = {isa = PBXFileReference; includeInIndex = 1; lastKnownFileType = text.xcconfig; name = Pods.release.xcconfig; path = "Pods/Target Support Files/Pods/Pods.release.xcconfig"; sourceTree = "<group>"; };
		9AFF9F44255343DDF080420C /* libPods.a */ = {isa = PBXFileReference; explicitFileType = archive.ar; includeInIndex = 0; path = libPods.a; sourceTree = BUILT_PRODUCTS_DIR; };
/* End PBXFileReference section */

/* Begin PBXFrameworksBuildPhase section */
		105E33A71AEA86FC005740F9 /* Frameworks */ = {
			isa = PBXFrameworksBuildPhase;
			buildActionMask = 2147483647;
			files = (
				7839B9B4261E064C5F06EA71 /* libPods.a in Frameworks */,
			);
			runOnlyForDeploymentPostprocessing = 0;
		};
		105E33C01AEA86FC005740F9 /* Frameworks */ = {
			isa = PBXFrameworksBuildPhase;
			buildActionMask = 2147483647;
			files = (
			);
			runOnlyForDeploymentPostprocessing = 0;
		};
		105E33D41AEA876B005740F9 /* Frameworks */ = {
			isa = PBXFrameworksBuildPhase;
			buildActionMask = 2147483647;
			files = (
				1012AB671AEB73C8003659EE /* libPods.a in Frameworks */,
			);
			runOnlyForDeploymentPostprocessing = 0;
		};
/* End PBXFrameworksBuildPhase section */

/* Begin PBXGroup section */
		08CCA8E1DE6C7B4B92C35AC2 /* Frameworks */ = {
			isa = PBXGroup;
			children = (
				1012AB661AEB73C8003659EE /* libPods.a */,
				1012AB621AEB7217003659EE /* libPods.a */,
				9AFF9F44255343DDF080420C /* libPods.a */,
			);
			name = Frameworks;
			sourceTree = "<group>";
		};
		10214DBE1AECF1B900BD56A3 /* Helper */ = {
			isa = PBXGroup;
			children = (
				1097AB451AEFB17700BEA773 /* IAPHelper.h */,
				1097AB461AEFB17700BEA773 /* IAPHelper.m */,
				10214DBF1AECF1FC00BD56A3 /* APIClientHelper.h */,
				10214DC01AECF1FC00BD56A3 /* APIClientHelper.m */,
				10214DCE1AED336000BD56A3 /* Helper.h */,
				10214DCF1AED336000BD56A3 /* Helper.m */,
			);
			path = Helper;
			sourceTree = "<group>";
		};
		10214DC21AECFD7800BD56A3 /* Models */ = {
			isa = PBXGroup;
			children = (
				10214DC31AECFDB400BD56A3 /* GiphyObj.h */,
				10214DC41AECFDB400BD56A3 /* GiphyObj.m */,
			);
			path = Models;
			sourceTree = "<group>";
		};
		10214DC61AED1C5500BD56A3 /* ViewController */ = {
			isa = PBXGroup;
			children = (
				10214DCA1AED23B500BD56A3 /* Cell */,
				10214DC71AED1CA700BD56A3 /* ViewController.h */,
				10214DC81AED1CA700BD56A3 /* ViewController.m */,
			);
			path = ViewController;
			sourceTree = "<group>";
		};
		10214DCA1AED23B500BD56A3 /* Cell */ = {
			isa = PBXGroup;
			children = (
				10214DCB1AED240400BD56A3 /* MainCollectionViewCell.h */,
				10214DCC1AED240400BD56A3 /* MainCollectionViewCell.m */,
			);
			path = Cell;
			sourceTree = "<group>";
		};
		103F9E581AEE83CA0089BE34 /* CollectionController */ = {
			isa = PBXGroup;
			children = (
				103F9E611AEE84F80089BE34 /* Cell */,
				103F9E5A1AEE84840089BE34 /* CollectionViewController.h */,
				103F9E5B1AEE84840089BE34 /* CollectionViewController.m */,
			);
			path = CollectionController;
			sourceTree = "<group>";
		};
		103F9E591AEE840D0089BE34 /* CategoryController */ = {
			isa = PBXGroup;
			children = (
				103F9E601AEE84E40089BE34 /* Cell */,
				103F9E5D1AEE84DB0089BE34 /* CategoryViewController.h */,
				103F9E5E1AEE84DB0089BE34 /* CategoryViewController.m */,
			);
			path = CategoryController;
			sourceTree = "<group>";
		};
		103F9E601AEE84E40089BE34 /* Cell */ = {
			isa = PBXGroup;
			children = (
				103F9E651AEE85420089BE34 /* CategoryCollectionViewCell.h */,
				103F9E661AEE85420089BE34 /* CategoryCollectionViewCell.m */,
			);
			path = Cell;
			sourceTree = "<group>";
		};
		103F9E611AEE84F80089BE34 /* Cell */ = {
			isa = PBXGroup;
			children = (
				103F9E621AEE85310089BE34 /* UserCollectionViewCell.h */,
				103F9E631AEE85310089BE34 /* UserCollectionViewCell.m */,
			);
			path = Cell;
			sourceTree = "<group>";
		};
		105E33A11AEA86FC005740F9 = {
			isa = PBXGroup;
			children = (
				105E33AC1AEA86FC005740F9 /* Qmoji */,
				105E33C61AEA86FC005740F9 /* QmojiTests */,
				105E33D81AEA876B005740F9 /* QmojiKeyboard */,
				105E33AB1AEA86FC005740F9 /* Products */,
				6D5729238E0D0875130C5B0F /* Pods */,
				08CCA8E1DE6C7B4B92C35AC2 /* Frameworks */,
			);
			sourceTree = "<group>";
		};
		105E33AB1AEA86FC005740F9 /* Products */ = {
			isa = PBXGroup;
			children = (
				105E33AA1AEA86FC005740F9 /* Qmoji.app */,
				105E33C31AEA86FC005740F9 /* QmojiTests.xctest */,
				105E33D71AEA876B005740F9 /* QmojiKeyboard.appex */,
			);
			name = Products;
			sourceTree = "<group>";
		};
		105E33AC1AEA86FC005740F9 /* Qmoji */ = {
			isa = PBXGroup;
			children = (
				104604421AF266F6003C0D97 /* Qmoji.entitlements */,
				10214DC21AECFD7800BD56A3 /* Models */,
				10214DBE1AECF1B900BD56A3 /* Helper */,
				10C83DEB1AEB9844003FD03F /* ViewControllers */,
				105E33EB1AEA9824005740F9 /* Resources */,
				105E33B11AEA86FC005740F9 /* AppDelegate.h */,
				105E33B21AEA86FC005740F9 /* AppDelegate.m */,
				105E33B71AEA86FC005740F9 /* Main.storyboard */,
				105E33BC1AEA86FC005740F9 /* LaunchScreen.xib */,
				105E33AD1AEA86FC005740F9 /* Supporting Files */,
				107FCA591AF14BF600F0455F /* image.xcassets */,
			);
			path = Qmoji;
			sourceTree = "<group>";
		};
		105E33AD1AEA86FC005740F9 /* Supporting Files */ = {
			isa = PBXGroup;
			children = (
				1012AB681AEB820C003659EE /* Qmoji-Prefix.pch */,
				105E33AE1AEA86FC005740F9 /* Info.plist */,
				105E33AF1AEA86FC005740F9 /* main.m */,
			);
			name = "Supporting Files";
			sourceTree = "<group>";
		};
		105E33C61AEA86FC005740F9 /* QmojiTests */ = {
			isa = PBXGroup;
			children = (
				105E33C91AEA86FC005740F9 /* QmojiTests.m */,
				105E33C71AEA86FC005740F9 /* Supporting Files */,
			);
			path = QmojiTests;
			sourceTree = "<group>";
		};
		105E33C71AEA86FC005740F9 /* Supporting Files */ = {
			isa = PBXGroup;
			children = (
				105E33C81AEA86FC005740F9 /* Info.plist */,
			);
			name = "Supporting Files";
			sourceTree = "<group>";
		};
		105E33D81AEA876B005740F9 /* QmojiKeyboard */ = {
			isa = PBXGroup;
			children = (
				105E33DB1AEA876B005740F9 /* KeyboardViewController.h */,
				105E33DC1AEA876B005740F9 /* KeyboardViewController.m */,
				105E33D91AEA876B005740F9 /* Supporting Files */,
				105E33E51AEA884C005740F9 /* QmojiKeyboard.xib */,
				105E33E71AEA88C4005740F9 /* QmojiKeyboard.h */,
				105E33E81AEA88C4005740F9 /* QmojiKeyboard.m */,
			);
			path = QmojiKeyboard;
			sourceTree = "<group>";
		};
		105E33D91AEA876B005740F9 /* Supporting Files */ = {
			isa = PBXGroup;
			children = (
				105E33DA1AEA876B005740F9 /* Info.plist */,
			);
			name = "Supporting Files";
			sourceTree = "<group>";
		};
		105E33EB1AEA9824005740F9 /* Resources */ = {
			isa = PBXGroup;
			children = (
				105E33EC1AEA983D005740F9 /* Fonts */,
			);
			path = Resources;
			sourceTree = "<group>";
		};
		105E33EC1AEA983D005740F9 /* Fonts */ = {
			isa = PBXGroup;
			children = (
				105E33ED1AEA9893005740F9 /* JosefinSans-Bold.ttf */,
				105E33EE1AEA9893005740F9 /* JosefinSans-BoldItalic.ttf */,
				105E33EF1AEA9893005740F9 /* JosefinSans-Italic.ttf */,
				105E33F01AEA9893005740F9 /* JosefinSans-Light.ttf */,
				105E33F11AEA9893005740F9 /* JosefinSans-LightItalic.ttf */,
				105E33F21AEA9893005740F9 /* JosefinSans-Regular.ttf */,
				105E33F31AEA9893005740F9 /* JosefinSans-SemiBold.ttf */,
				105E33F41AEA9893005740F9 /* JosefinSans-SemiBoldItalic.ttf */,
				105E33F51AEA9893005740F9 /* JosefinSans-Thin.ttf */,
				105E33F61AEA9893005740F9 /* JosefinSans-ThinItalic.ttf */,
			);
			path = Fonts;
			sourceTree = "<group>";
		};
		10C83DEB1AEB9844003FD03F /* ViewControllers */ = {
			isa = PBXGroup;
			children = (
				103F9E591AEE840D0089BE34 /* CategoryController */,
				103F9E581AEE83CA0089BE34 /* CollectionController */,
				10214DC61AED1C5500BD56A3 /* ViewController */,
				10C83DEC1AEB98EF003FD03F /* MenuViewController */,
			);
			path = ViewControllers;
			sourceTree = "<group>";
		};
		10C83DEC1AEB98EF003FD03F /* MenuViewController */ = {
			isa = PBXGroup;
			children = (
				10C83DF01AEB9B53003FD03F /* MenuCell */,
				10C83DED1AEB9A31003FD03F /* MenuViewController.h */,
				10C83DEE1AEB9A31003FD03F /* MenuViewController.m */,
			);
			path = MenuViewController;
			sourceTree = "<group>";
		};
		10C83DF01AEB9B53003FD03F /* MenuCell */ = {
			isa = PBXGroup;
			children = (
				10C83DF11AEB9BAF003FD03F /* MenuTableViewCell.h */,
				10C83DF21AEB9BAF003FD03F /* MenuTableViewCell.m */,
			);
			path = MenuCell;
			sourceTree = "<group>";
		};
		6D5729238E0D0875130C5B0F /* Pods */ = {
			isa = PBXGroup;
			children = (
				271F6D1A70E3F5C7576154B2 /* Pods.debug.xcconfig */,
				3F45852CDF787F419CE16EC1 /* Pods.release.xcconfig */,
			);
			name = Pods;
			sourceTree = "<group>";
		};
/* End PBXGroup section */

/* Begin PBXNativeTarget section */
		105E33A91AEA86FC005740F9 /* Qmoji */ = {
			isa = PBXNativeTarget;
			buildConfigurationList = 105E33CD1AEA86FC005740F9 /* Build configuration list for PBXNativeTarget "Qmoji" */;
			buildPhases = (
				A3C4928AA0FCF612E0E41D67 /* Check Pods Manifest.lock */,
				105E33A61AEA86FC005740F9 /* Sources */,
				105E33A71AEA86FC005740F9 /* Frameworks */,
				105E33A81AEA86FC005740F9 /* Resources */,
				105E33E41AEA876B005740F9 /* Embed App Extensions */,
				9877B31578DABE02E2081DCE /* Copy Pods Resources */,
			);
			buildRules = (
			);
			dependencies = (
				105E33DF1AEA876B005740F9 /* PBXTargetDependency */,
			);
			name = Qmoji;
			productName = Qmoji;
			productReference = 105E33AA1AEA86FC005740F9 /* Qmoji.app */;
			productType = "com.apple.product-type.application";
		};
		105E33C21AEA86FC005740F9 /* QmojiTests */ = {
			isa = PBXNativeTarget;
			buildConfigurationList = 105E33D01AEA86FC005740F9 /* Build configuration list for PBXNativeTarget "QmojiTests" */;
			buildPhases = (
				105E33BF1AEA86FC005740F9 /* Sources */,
				105E33C01AEA86FC005740F9 /* Frameworks */,
				105E33C11AEA86FC005740F9 /* Resources */,
			);
			buildRules = (
			);
			dependencies = (
				105E33C51AEA86FC005740F9 /* PBXTargetDependency */,
			);
			name = QmojiTests;
			productName = QmojiTests;
			productReference = 105E33C31AEA86FC005740F9 /* QmojiTests.xctest */;
			productType = "com.apple.product-type.bundle.unit-test";
		};
		105E33D61AEA876B005740F9 /* QmojiKeyboard */ = {
			isa = PBXNativeTarget;
			buildConfigurationList = 105E33E11AEA876B005740F9 /* Build configuration list for PBXNativeTarget "QmojiKeyboard" */;
			buildPhases = (
				105E33D31AEA876B005740F9 /* Sources */,
				105E33D41AEA876B005740F9 /* Frameworks */,
				105E33D51AEA876B005740F9 /* Resources */,
			);
			buildRules = (
			);
			dependencies = (
			);
			name = QmojiKeyboard;
			productName = QmojiKeyboard;
			productReference = 105E33D71AEA876B005740F9 /* QmojiKeyboard.appex */;
			productType = "com.apple.product-type.app-extension";
		};
/* End PBXNativeTarget section */

/* Begin PBXProject section */
		105E33A21AEA86FC005740F9 /* Project object */ = {
			isa = PBXProject;
			attributes = {
				LastUpgradeCheck = 0630;
				ORGANIZATIONNAME = Q;
				TargetAttributes = {
					105E33A91AEA86FC005740F9 = {
						CreatedOnToolsVersion = 6.3;
						DevelopmentTeam = UH5VVTMLZZ;
						SystemCapabilities = {
							com.apple.ApplicationGroups.iOS = {
								enabled = 0;
							};
						};
					};
					105E33C21AEA86FC005740F9 = {
						CreatedOnToolsVersion = 6.3;
						TestTargetID = 105E33A91AEA86FC005740F9;
					};
					105E33D61AEA876B005740F9 = {
						CreatedOnToolsVersion = 6.3;
					};
				};
			};
			buildConfigurationList = 105E33A51AEA86FC005740F9 /* Build configuration list for PBXProject "Qmoji" */;
			compatibilityVersion = "Xcode 3.2";
			developmentRegion = English;
			hasScannedForEncodings = 0;
			knownRegions = (
				en,
				Base,
			);
			mainGroup = 105E33A11AEA86FC005740F9;
			productRefGroup = 105E33AB1AEA86FC005740F9 /* Products */;
			projectDirPath = "";
			projectRoot = "";
			targets = (
				105E33A91AEA86FC005740F9 /* Qmoji */,
				105E33C21AEA86FC005740F9 /* QmojiTests */,
				105E33D61AEA876B005740F9 /* QmojiKeyboard */,
			);
		};
/* End PBXProject section */

/* Begin PBXResourcesBuildPhase section */
		105E33A81AEA86FC005740F9 /* Resources */ = {
			isa = PBXResourcesBuildPhase;
			buildActionMask = 2147483647;
			files = (
				105E33B91AEA86FC005740F9 /* Main.storyboard in Resources */,
				105E33F71AEA9893005740F9 /* JosefinSans-Bold.ttf in Resources */,
				105E33FB1AEA9893005740F9 /* JosefinSans-Italic.ttf in Resources */,
				105E34051AEA9893005740F9 /* JosefinSans-SemiBoldItalic.ttf in Resources */,
				105E34031AEA9893005740F9 /* JosefinSans-SemiBold.ttf in Resources */,
				105E33F91AEA9893005740F9 /* JosefinSans-BoldItalic.ttf in Resources */,
				105E33BE1AEA86FC005740F9 /* LaunchScreen.xib in Resources */,
				107FCA5A1AF14BF600F0455F /* image.xcassets in Resources */,
				105E34091AEA9893005740F9 /* JosefinSans-ThinItalic.ttf in Resources */,
				105E33FF1AEA9893005740F9 /* JosefinSans-LightItalic.ttf in Resources */,
				105E34011AEA9893005740F9 /* JosefinSans-Regular.ttf in Resources */,
				105E33FD1AEA9893005740F9 /* JosefinSans-Light.ttf in Resources */,
				105E34071AEA9893005740F9 /* JosefinSans-Thin.ttf in Resources */,
			);
			runOnlyForDeploymentPostprocessing = 0;
		};
		105E33C11AEA86FC005740F9 /* Resources */ = {
			isa = PBXResourcesBuildPhase;
			buildActionMask = 2147483647;
			files = (
			);
			runOnlyForDeploymentPostprocessing = 0;
		};
		105E33D51AEA876B005740F9 /* Resources */ = {
			isa = PBXResourcesBuildPhase;
			buildActionMask = 2147483647;
			files = (
				105E33FC1AEA9893005740F9 /* JosefinSans-Italic.ttf in Resources */,
				105E34001AEA9893005740F9 /* JosefinSans-LightItalic.ttf in Resources */,
				105E33E61AEA884C005740F9 /* QmojiKeyboard.xib in Resources */,
				105E34041AEA9893005740F9 /* JosefinSans-SemiBold.ttf in Resources */,
				105E33FA1AEA9893005740F9 /* JosefinSans-BoldItalic.ttf in Resources */,
				105E34021AEA9893005740F9 /* JosefinSans-Regular.ttf in Resources */,
				105E34061AEA9893005740F9 /* JosefinSans-SemiBoldItalic.ttf in Resources */,
				105E33FE1AEA9893005740F9 /* JosefinSans-Light.ttf in Resources */,
				105E33F81AEA9893005740F9 /* JosefinSans-Bold.ttf in Resources */,
				107FCA5B1AF14BF600F0455F /* image.xcassets in Resources */,
				105E340A1AEA9893005740F9 /* JosefinSans-ThinItalic.ttf in Resources */,
				105E34081AEA9893005740F9 /* JosefinSans-Thin.ttf in Resources */,
			);
			runOnlyForDeploymentPostprocessing = 0;
		};
/* End PBXResourcesBuildPhase section */

/* Begin PBXShellScriptBuildPhase section */
		9877B31578DABE02E2081DCE /* Copy Pods Resources */ = {
			isa = PBXShellScriptBuildPhase;
			buildActionMask = 2147483647;
			files = (
			);
			inputPaths = (
			);
			name = "Copy Pods Resources";
			outputPaths = (
			);
			runOnlyForDeploymentPostprocessing = 0;
			shellPath = /bin/sh;
			shellScript = "\"${SRCROOT}/Pods/Target Support Files/Pods/Pods-resources.sh\"\n";
			showEnvVarsInLog = 0;
		};
		A3C4928AA0FCF612E0E41D67 /* Check Pods Manifest.lock */ = {
			isa = PBXShellScriptBuildPhase;
			buildActionMask = 2147483647;
			files = (
			);
			inputPaths = (
			);
			name = "Check Pods Manifest.lock";
			outputPaths = (
			);
			runOnlyForDeploymentPostprocessing = 0;
			shellPath = /bin/sh;
			shellScript = "diff \"${PODS_ROOT}/../Podfile.lock\" \"${PODS_ROOT}/Manifest.lock\" > /dev/null\nif [[ $? != 0 ]] ; then\n    cat << EOM\nerror: The sandbox is not in sync with the Podfile.lock. Run 'pod install' or update your CocoaPods installation.\nEOM\n    exit 1\nfi\n";
			showEnvVarsInLog = 0;
		};
/* End PBXShellScriptBuildPhase section */

/* Begin PBXSourcesBuildPhase section */
		105E33A61AEA86FC005740F9 /* Sources */ = {
			isa = PBXSourcesBuildPhase;
			buildActionMask = 2147483647;
			files = (
				10214DC91AED1CA700BD56A3 /* ViewController.m in Sources */,
				105E33B31AEA86FC005740F9 /* AppDelegate.m in Sources */,
				10C83DF31AEB9BAF003FD03F /* MenuTableViewCell.m in Sources */,
				103F9E5F1AEE84DB0089BE34 /* CategoryViewController.m in Sources */,
				10214DC11AECF1FC00BD56A3 /* APIClientHelper.m in Sources */,
				105E33B01AEA86FC005740F9 /* main.m in Sources */,
				1097AB471AEFB17700BEA773 /* IAPHelper.m in Sources */,
				10214DC51AECFDB400BD56A3 /* GiphyObj.m in Sources */,
				103F9E671AEE85420089BE34 /* CategoryCollectionViewCell.m in Sources */,
				10C83DEF1AEB9A31003FD03F /* MenuViewController.m in Sources */,
				10214DD01AED336000BD56A3 /* Helper.m in Sources */,
				103F9E641AEE85310089BE34 /* UserCollectionViewCell.m in Sources */,
				103F9E5C1AEE84840089BE34 /* CollectionViewController.m in Sources */,
				10214DCD1AED240400BD56A3 /* MainCollectionViewCell.m in Sources */,
			);
			runOnlyForDeploymentPostprocessing = 0;
		};
		105E33BF1AEA86FC005740F9 /* Sources */ = {
			isa = PBXSourcesBuildPhase;
			buildActionMask = 2147483647;
			files = (
				105E33CA1AEA86FC005740F9 /* QmojiTests.m in Sources */,
			);
			runOnlyForDeploymentPostprocessing = 0;
		};
		105E33D31AEA876B005740F9 /* Sources */ = {
			isa = PBXSourcesBuildPhase;
			buildActionMask = 2147483647;
			files = (
				104604411AF2653A003C0D97 /* Helper.m in Sources */,
				105E33DD1AEA876B005740F9 /* KeyboardViewController.m in Sources */,
				1097AB481AEFB17700BEA773 /* IAPHelper.m in Sources */,
				105E33E91AEA88C4005740F9 /* QmojiKeyboard.m in Sources */,
			);
			runOnlyForDeploymentPostprocessing = 0;
		};
/* End PBXSourcesBuildPhase section */

/* Begin PBXTargetDependency section */
		105E33C51AEA86FC005740F9 /* PBXTargetDependency */ = {
			isa = PBXTargetDependency;
			target = 105E33A91AEA86FC005740F9 /* Qmoji */;
			targetProxy = 105E33C41AEA86FC005740F9 /* PBXContainerItemProxy */;
		};
		105E33DF1AEA876B005740F9 /* PBXTargetDependency */ = {
			isa = PBXTargetDependency;
			target = 105E33D61AEA876B005740F9 /* QmojiKeyboard */;
			targetProxy = 105E33DE1AEA876B005740F9 /* PBXContainerItemProxy */;
		};
/* End PBXTargetDependency section */

/* Begin PBXVariantGroup section */
		105E33B71AEA86FC005740F9 /* Main.storyboard */ = {
			isa = PBXVariantGroup;
			children = (
				105E33B81AEA86FC005740F9 /* Base */,
			);
			name = Main.storyboard;
			sourceTree = "<group>";
		};
		105E33BC1AEA86FC005740F9 /* LaunchScreen.xib */ = {
			isa = PBXVariantGroup;
			children = (
				105E33BD1AEA86FC005740F9 /* Base */,
			);
			name = LaunchScreen.xib;
			sourceTree = "<group>";
		};
/* End PBXVariantGroup section */

/* Begin XCBuildConfiguration section */
		105E33CB1AEA86FC005740F9 /* Debug */ = {
			isa = XCBuildConfiguration;
			buildSettings = {
				ALWAYS_SEARCH_USER_PATHS = NO;
				CLANG_CXX_LANGUAGE_STANDARD = "gnu++0x";
				CLANG_CXX_LIBRARY = "libc++";
				CLANG_ENABLE_MODULES = YES;
				CLANG_ENABLE_OBJC_ARC = YES;
				CLANG_WARN_BOOL_CONVERSION = YES;
				CLANG_WARN_CONSTANT_CONVERSION = YES;
				CLANG_WARN_DIRECT_OBJC_ISA_USAGE = YES_ERROR;
				CLANG_WARN_EMPTY_BODY = YES;
				CLANG_WARN_ENUM_CONVERSION = YES;
				CLANG_WARN_INT_CONVERSION = YES;
				CLANG_WARN_OBJC_ROOT_CLASS = YES_ERROR;
				CLANG_WARN_UNREACHABLE_CODE = YES;
				CLANG_WARN__DUPLICATE_METHOD_MATCH = YES;
				"CODE_SIGN_IDENTITY[sdk=iphoneos*]" = "iPhone Developer";
				COPY_PHASE_STRIP = NO;
				DEBUG_INFORMATION_FORMAT = "dwarf-with-dsym";
				ENABLE_STRICT_OBJC_MSGSEND = YES;
				GCC_C_LANGUAGE_STANDARD = gnu99;
				GCC_DYNAMIC_NO_PIC = NO;
				GCC_NO_COMMON_BLOCKS = YES;
				GCC_OPTIMIZATION_LEVEL = 0;
				GCC_PREPROCESSOR_DEFINITIONS = (
					"DEBUG=1",
					"$(inherited)",
				);
				GCC_SYMBOLS_PRIVATE_EXTERN = NO;
				GCC_WARN_64_TO_32_BIT_CONVERSION = YES;
				GCC_WARN_ABOUT_RETURN_TYPE = YES_ERROR;
				GCC_WARN_UNDECLARED_SELECTOR = YES;
				GCC_WARN_UNINITIALIZED_AUTOS = YES_AGGRESSIVE;
				GCC_WARN_UNUSED_FUNCTION = YES;
				GCC_WARN_UNUSED_VARIABLE = YES;
				IPHONEOS_DEPLOYMENT_TARGET = 8.3;
				MTL_ENABLE_DEBUG_INFO = YES;
				ONLY_ACTIVE_ARCH = YES;
				SDKROOT = iphoneos;
			};
			name = Debug;
		};
		105E33CC1AEA86FC005740F9 /* Release */ = {
			isa = XCBuildConfiguration;
			buildSettings = {
				ALWAYS_SEARCH_USER_PATHS = NO;
				CLANG_CXX_LANGUAGE_STANDARD = "gnu++0x";
				CLANG_CXX_LIBRARY = "libc++";
				CLANG_ENABLE_MODULES = YES;
				CLANG_ENABLE_OBJC_ARC = YES;
				CLANG_WARN_BOOL_CONVERSION = YES;
				CLANG_WARN_CONSTANT_CONVERSION = YES;
				CLANG_WARN_DIRECT_OBJC_ISA_USAGE = YES_ERROR;
				CLANG_WARN_EMPTY_BODY = YES;
				CLANG_WARN_ENUM_CONVERSION = YES;
				CLANG_WARN_INT_CONVERSION = YES;
				CLANG_WARN_OBJC_ROOT_CLASS = YES_ERROR;
				CLANG_WARN_UNREACHABLE_CODE = YES;
				CLANG_WARN__DUPLICATE_METHOD_MATCH = YES;
				"CODE_SIGN_IDENTITY[sdk=iphoneos*]" = "iPhone Developer";
				COPY_PHASE_STRIP = NO;
				DEBUG_INFORMATION_FORMAT = "dwarf-with-dsym";
				ENABLE_NS_ASSERTIONS = NO;
				ENABLE_STRICT_OBJC_MSGSEND = YES;
				GCC_C_LANGUAGE_STANDARD = gnu99;
				GCC_NO_COMMON_BLOCKS = YES;
				GCC_WARN_64_TO_32_BIT_CONVERSION = YES;
				GCC_WARN_ABOUT_RETURN_TYPE = YES_ERROR;
				GCC_WARN_UNDECLARED_SELECTOR = YES;
				GCC_WARN_UNINITIALIZED_AUTOS = YES_AGGRESSIVE;
				GCC_WARN_UNUSED_FUNCTION = YES;
				GCC_WARN_UNUSED_VARIABLE = YES;
				IPHONEOS_DEPLOYMENT_TARGET = 8.3;
				MTL_ENABLE_DEBUG_INFO = NO;
				SDKROOT = iphoneos;
				VALIDATE_PRODUCT = YES;
			};
			name = Release;
		};
		105E33CE1AEA86FC005740F9 /* Debug */ = {
			isa = XCBuildConfiguration;
			baseConfigurationReference = 271F6D1A70E3F5C7576154B2 /* Pods.debug.xcconfig */;
			buildSettings = {
				ASSETCATALOG_COMPILER_APPICON_NAME = AppIcon;
				CODE_SIGN_ENTITLEMENTS = Qmoji/Qmoji.entitlements;
				CODE_SIGN_IDENTITY = "iPhone Developer: Alan Dang (J2EG24V3F8)";
				"CODE_SIGN_IDENTITY[sdk=iphoneos*]" = "iPhone Developer: Alan Dang (J2EG24V3F8)";
				GCC_PREFIX_HEADER = "$(SRCROOT)/Qmoji/Qmoji-Prefix.pch";
				INFOPLIST_FILE = Qmoji/Info.plist;
				LD_RUNPATH_SEARCH_PATHS = "$(inherited) @executable_path/Frameworks";
				PRODUCT_NAME = "$(TARGET_NAME)";
				PROVISIONING_PROFILE = "bfe823a2-796d-4547-991c-ae468fe2383d";
			};
			name = Debug;
		};
		105E33CF1AEA86FC005740F9 /* Release */ = {
			isa = XCBuildConfiguration;
			baseConfigurationReference = 3F45852CDF787F419CE16EC1 /* Pods.release.xcconfig */;
			buildSettings = {
				ASSETCATALOG_COMPILER_APPICON_NAME = AppIcon;
				CODE_SIGN_ENTITLEMENTS = Qmoji/Qmoji.entitlements;
				CODE_SIGN_IDENTITY = "iPhone Distribution: intence media, LLC (UH5VVTMLZZ)";
				"CODE_SIGN_IDENTITY[sdk=iphoneos*]" = "iPhone Distribution: intence media, LLC (UH5VVTMLZZ)";
				GCC_PREFIX_HEADER = "$(SRCROOT)/Qmoji/Qmoji-Prefix.pch";
				INFOPLIST_FILE = Qmoji/Info.plist;
				LD_RUNPATH_SEARCH_PATHS = "$(inherited) @executable_path/Frameworks";
				PRODUCT_NAME = "$(TARGET_NAME)";
				PROVISIONING_PROFILE = "577767f6-f1ba-4a85-a828-e49959ad04bc";
			};
			name = Release;
		};
		105E33D11AEA86FC005740F9 /* Debug */ = {
			isa = XCBuildConfiguration;
			buildSettings = {
				BUNDLE_LOADER = "$(TEST_HOST)";
				FRAMEWORK_SEARCH_PATHS = (
					"$(SDKROOT)/Developer/Library/Frameworks",
					"$(inherited)",
				);
				GCC_PREPROCESSOR_DEFINITIONS = (
					"DEBUG=1",
					"$(inherited)",
				);
				INFOPLIST_FILE = QmojiTests/Info.plist;
				LD_RUNPATH_SEARCH_PATHS = "$(inherited) @executable_path/Frameworks @loader_path/Frameworks";
				PRODUCT_NAME = "$(TARGET_NAME)";
				TEST_HOST = "$(BUILT_PRODUCTS_DIR)/Qmoji.app/Qmoji";
			};
			name = Debug;
		};
		105E33D21AEA86FC005740F9 /* Release */ = {
			isa = XCBuildConfiguration;
			buildSettings = {
				BUNDLE_LOADER = "$(TEST_HOST)";
				FRAMEWORK_SEARCH_PATHS = (
					"$(SDKROOT)/Developer/Library/Frameworks",
					"$(inherited)",
				);
				INFOPLIST_FILE = QmojiTests/Info.plist;
				LD_RUNPATH_SEARCH_PATHS = "$(inherited) @executable_path/Frameworks @loader_path/Frameworks";
				PRODUCT_NAME = "$(TARGET_NAME)";
				TEST_HOST = "$(BUILT_PRODUCTS_DIR)/Qmoji.app/Qmoji";
			};
			name = Release;
		};
		105E33E21AEA876B005740F9 /* Debug */ = {
			isa = XCBuildConfiguration;
			baseConfigurationReference = 271F6D1A70E3F5C7576154B2 /* Pods.debug.xcconfig */;
			buildSettings = {
				CODE_SIGN_IDENTITY = "iPhone Developer: Alan Dang (J2EG24V3F8)";
				"CODE_SIGN_IDENTITY[sdk=iphoneos*]" = "iPhone Developer: Alan Dang (J2EG24V3F8)";
				GCC_PREFIX_HEADER = "$(SRCROOT)/Qmoji/Qmoji-Prefix.pch";
				GCC_PREPROCESSOR_DEFINITIONS = (
					"DEBUG=1",
					"$(inherited)",
				);
				INFOPLIST_FILE = QmojiKeyboard/Info.plist;
				LD_RUNPATH_SEARCH_PATHS = "$(inherited) @executable_path/Frameworks @executable_path/../../Frameworks";
				LIBRARY_SEARCH_PATHS = (
					"$(inherited)",
					"$(PROJECT_DIR)/build/Debug-iphoneos",
				);
				PRODUCT_NAME = "$(TARGET_NAME)";
				PROVISIONING_PROFILE = "efc3db00-b0f6-4242-ad2c-65454413e805";
				SKIP_INSTALL = YES;
			};
			name = Debug;
		};
		105E33E31AEA876B005740F9 /* Release */ = {
			isa = XCBuildConfiguration;
			baseConfigurationReference = 3F45852CDF787F419CE16EC1 /* Pods.release.xcconfig */;
			buildSettings = {
				CODE_SIGN_IDENTITY = "iPhone Distribution: intence media, LLC (UH5VVTMLZZ)";
				"CODE_SIGN_IDENTITY[sdk=iphoneos*]" = "iPhone Distribution: intence media, LLC (UH5VVTMLZZ)";
				GCC_PREFIX_HEADER = "$(SRCROOT)/Qmoji/Qmoji-Prefix.pch";
				INFOPLIST_FILE = QmojiKeyboard/Info.plist;
				LD_RUNPATH_SEARCH_PATHS = "$(inherited) @executable_path/Frameworks @executable_path/../../Frameworks";
				LIBRARY_SEARCH_PATHS = (
					"$(inherited)",
					"$(PROJECT_DIR)/build/Debug-iphoneos",
				);
				PRODUCT_NAME = "$(TARGET_NAME)";
				PROVISIONING_PROFILE = "70fa8ac7-9122-4d96-a67c-fdad1286df1f";
				SKIP_INSTALL = YES;
			};
			name = Release;
		};
/* End XCBuildConfiguration section */

/* Begin XCConfigurationList section */
		105E33A51AEA86FC005740F9 /* Build configuration list for PBXProject "Qmoji" */ = {
			isa = XCConfigurationList;
			buildConfigurations = (
				105E33CB1AEA86FC005740F9 /* Debug */,
				105E33CC1AEA86FC005740F9 /* Release */,
			);
			defaultConfigurationIsVisible = 0;
			defaultConfigurationName = Release;
		};
		105E33CD1AEA86FC005740F9 /* Build configuration list for PBXNativeTarget "Qmoji" */ = {
			isa = XCConfigurationList;
			buildConfigurations = (
				105E33CE1AEA86FC005740F9 /* Debug */,
				105E33CF1AEA86FC005740F9 /* Release */,
			);
			defaultConfigurationIsVisible = 0;
			defaultConfigurationName = Release;
		};
		105E33D01AEA86FC005740F9 /* Build configuration list for PBXNativeTarget "QmojiTests" */ = {
			isa = XCConfigurationList;
			buildConfigurations = (
				105E33D11AEA86FC005740F9 /* Debug */,
				105E33D21AEA86FC005740F9 /* Release */,
			);
			defaultConfigurationIsVisible = 0;
			defaultConfigurationName = Release;
		};
		105E33E11AEA876B005740F9 /* Build configuration list for PBXNativeTarget "QmojiKeyboard" */ = {
			isa = XCConfigurationList;
			buildConfigurations = (
				105E33E21AEA876B005740F9 /* Debug */,
				105E33E31AEA876B005740F9 /* Release */,
			);
			defaultConfigurationIsVisible = 0;
			defaultConfigurationName = Release;
		};
/* End XCConfigurationList section */
	};
	rootObject = 105E33A21AEA86FC005740F9 /* Project object */;
}
